
Microsoft Visual Studio Solution File, Format Version 12.00
# Visual Studio Version 16
VisualStudioVersion = 16.0.30717.126
MinimumVisualStudioVersion = 10.0.40219.1
Project("{FAE04EC0-301F-11D3-BF4B-00C04F79EFBC}") = "Super przygoda", "Super przygoda\Super przygoda.csproj", "{3E5F9542-7B1F-4B4A-A67D-4D53F892BD18}"
EndProject
Project("{FAE04EC0-301F-11D3-BF4B-00C04F79EFBC}") = "silnik", "silnik\silnik.csproj", "{D9A64507-815C-4ACE-AE60-CB5C0AF68915}"
EndProject
Global
	GlobalSection(SolutionConfigurationPlatforms) = preSolution
		Debug|Any CPU = Debug|Any CPU
		Release|Any CPU = Release|Any CPU
	EndGlobalSection
	GlobalSection(ProjectConfigurationPlatforms) = postSolution
		{3E5F9542-7B1F-4B4A-A67D-4D53F892BD18}.Debug|Any CPU.ActiveCfg = Debug|Any CPU
		{3E5F9542-7B1F-4B4A-A67D-4D53F892BD18}.Debug|Any CPU.Build.0 = Debug|Any CPU
		{3E5F9542-7B1F-4B4A-A67D-4D53F892BD18}.Release|Any CPU.ActiveCfg = Release|Any CPU
		{3E5F9542-7B1F-4B4A-A67D-4D53F892BD18}.Release|Any CPU.Build.0 = Release|Any CPU
		{D9A64507-815C-4ACE-AE60-CB5C0AF68915}.Debug|Any CPU.ActiveCfg = Debug|Any CPU
		{D9A64507-815C-4ACE-AE60-CB5C0AF68915}.Debug|Any CPU.Build.0 = Debug|Any CPU
		{D9A64507-815C-4ACE-AE60-CB5C0AF68915}.Release|Any CPU.ActiveCfg = Release|Any CPU
		{D9A64507-815C-4ACE-AE60-CB5C0AF68915}.Release|Any CPU.Build.0 = Release|Any CPU
	EndGlobalSection
	GlobalSection(SolutionProperties) = preSolution
		HideSolutionNode = FALSE
	EndGlobalSection
	GlobalSection(ExtensibilityGlobals) = postSolution
		SolutionGuid = {C7DDFE07-63BE-44BE-ADE6-C5FA559615D4}
	EndGlobalSection
EndGlobal
